
Microsoft Visual Studio Solution File, Format Version 12.00
# Visual Studio Version 16
VisualStudioVersion = 16.0.29905.134
MinimumVisualStudioVersion = 10.0.40219.1
Project("{FAE04EC0-301F-11D3-BF4B-00C04F79EFBC}") = "Kalkulacka_Hyl.Android", "Kalkulacka_Hyl\Kalkulacka_Hyl.Android\Kalkulacka_Hyl.Android.csproj", "{D08B2953-FE0F-4D58-A1A6-2C76BB33FFF7}"
EndProject
Project("{FAE04EC0-301F-11D3-BF4B-00C04F79EFBC}") = "Kalkulacka_Hyl", "Kalkulacka_Hyl\Kalkulacka_Hyl\Kalkulacka_Hyl.csproj", "{2E9AD603-1DAE-47FA-B212-AF374E39C21B}"
EndProject
Global
	GlobalSection(SolutionConfigurationPlatforms) = preSolution
		Debug|Any CPU = Debug|Any CPU
		Release|Any CPU = Release|Any CPU
	EndGlobalSection
	GlobalSection(ProjectConfigurationPlatforms) = postSolution
		{D08B2953-FE0F-4D58-A1A6-2C76BB33FFF7}.Debug|Any CPU.ActiveCfg = Debug|Any CPU
		{D08B2953-FE0F-4D58-A1A6-2C76BB33FFF7}.Debug|Any CPU.Build.0 = Debug|Any CPU
		{D08B2953-FE0F-4D58-A1A6-2C76BB33FFF7}.Debug|Any CPU.Deploy.0 = Debug|Any CPU
		{D08B2953-FE0F-4D58-A1A6-2C76BB33FFF7}.Release|Any CPU.ActiveCfg = Release|Any CPU
		{D08B2953-FE0F-4D58-A1A6-2C76BB33FFF7}.Release|Any CPU.Build.0 = Release|Any CPU
		{D08B2953-FE0F-4D58-A1A6-2C76BB33FFF7}.Release|Any CPU.Deploy.0 = Release|Any CPU
		{2E9AD603-1DAE-47FA-B212-AF374E39C21B}.Debug|Any CPU.ActiveCfg = Debug|Any CPU
		{2E9AD603-1DAE-47FA-B212-AF374E39C21B}.Debug|Any CPU.Build.0 = Debug|Any CPU
		{2E9AD603-1DAE-47FA-B212-AF374E39C21B}.Debug|Any CPU.Deploy.0 = Debug|Any CPU
		{2E9AD603-1DAE-47FA-B212-AF374E39C21B}.Release|Any CPU.ActiveCfg = Release|Any CPU
		{2E9AD603-1DAE-47FA-B212-AF374E39C21B}.Release|Any CPU.Build.0 = Release|Any CPU
		{2E9AD603-1DAE-47FA-B212-AF374E39C21B}.Release|Any CPU.Deploy.0 = Release|Any CPU
	EndGlobalSection
	GlobalSection(SolutionProperties) = preSolution
		HideSolutionNode = FALSE
	EndGlobalSection
	GlobalSection(ExtensibilityGlobals) = postSolution
		SolutionGuid = {7A9ACFA9-8813-46F8-8A3C-D93A59B8DFCB}
	EndGlobalSection
EndGlobal
